title: CreateSubscriptionTxInTheBlock
type: object
required:
  - type
  - attr
properties:
  type:
    type: string
    description: Type of the subscription.
    example: FAILED_TX_PER_BLOCK
    enum:
      - FAILED_TX_PER_BLOCK
  attr:
    type: object
    description: Additional attributes based on the subscription type.
    required:
      - url
      - chain
    properties:
      url:
        type: string
        description:
          URL of the endpoint, where HTTP POST request will be sent, when
          outgoing ledger transaction is included in the block.
        example: https://dashboard.tatum.io/webhook-handler
        maxLength: 500
      chain:
        description: Blockchain of the address.
        example: SOL
        type: string
        enum:
          - SOL
          - ETH
          - MATIC
          - CELO
          - KLAY
          - BTC
          - LTC
          - BCH
          - DOGE
          - TRON
          - BSC
          - TEZOS
