type: object
properties:
  hash:
    type: string
    description: Block hash
    example: 000000000195a8cfe2ea4ca60ce921b30e95980a96c6bb1da4a35aa03da9c5a8
  blockNumber:
    type: number
    description: Block number.
    example: 26585295
  timestamp:
    type: number
    description: Time of the block in UTC millis.
    example: 1610134209000
  parentHash:
    type: string
    description: Hash of the parent block.
    example: 000000000195a8ce6003aa8b6443c52734b80aefdcd079bf40e7f165b046370e
  witnessAddress:
    type: string
    description: Witness address.
    example: 4118e2e1c6cdf4b74b7c1eb84682e503213a174955
  witnessSignature:
    type: string
    description: Witness signature.
    example: e20cb7a1f01d279ebe9c20baa0d747bea160042639ba0be63460cbb21ae63f072520e7766cb7aa1bd4e74bebbdea64be431ecf52c2aa2123ca0b1d7495bd581d00
  transactions:
    type: array
    description: Transactions that occurs in this block.
    items:
      $ref: '../migrated.yml#/components/schemas/TronTx'
